
Microsoft Visual Studio Solution File, Format Version 12.00
# Visual Studio 15
VisualStudioVersion = 15.0.27004.2006
MinimumVisualStudioVersion = 10.0.40219.1
Project("{FAE04EC0-301F-11D3-BF4B-00C04F79EFBC}") = "CryptoCompare", "src\CryptoCompare\CryptoCompare.csproj", "{74DE4A18-AFE5-485F-A205-5C38CA3BD0BB}"
EndProject
Project("{2150E333-8FDC-42A3-9474-1A3956D46DE8}") = "Solution Items", "Solution Items", "{B4B8ECDB-63A4-431A-8313-2D90142033C1}"
	ProjectSection(SolutionItems) = preProject
		.editorconfig = .editorconfig
		.gitattributes = .gitattributes
		.gitignore = .gitignore
		CryptoCompare.targets = CryptoCompare.targets
		LICENSE = LICENSE
		README.md = README.md
		Settings.StyleCop = Settings.StyleCop
	EndProjectSection
EndProject
Project("{2150E333-8FDC-42A3-9474-1A3956D46DE8}") = "Test", "Test", "{CAAC477E-7487-42CB-9DEB-AE8860A3B03F}"
EndProject
Project("{FAE04EC0-301F-11D3-BF4B-00C04F79EFBC}") = "CryptoCompare.Tests", "test\CryptoCompare.Tests\CryptoCompare.Tests.csproj", "{E352A047-C22D-4AB6-9737-47700656B4C4}"
EndProject
Project("{FAE04EC0-301F-11D3-BF4B-00C04F79EFBC}") = "CryptoCompare.WebSocket", "src\CryptoCompare.WebSocket\CryptoCompare.WebSocket.csproj", "{7AB690D4-E6BB-4B2F-B37D-2A452D385478}"
EndProject
Project("{FAE04EC0-301F-11D3-BF4B-00C04F79EFBC}") = "CryptoCompare.WebSocket.Tests", "test\CryptoCompare.WebSocket.Tests\CryptoCompare.WebSocket.Tests.csproj", "{CD718BE1-87BE-4B78-B379-6F83640FF836}"
	ProjectSection(ProjectDependencies) = postProject
		{74DE4A18-AFE5-485F-A205-5C38CA3BD0BB} = {74DE4A18-AFE5-485F-A205-5C38CA3BD0BB}
		{7AB690D4-E6BB-4B2F-B37D-2A452D385478} = {7AB690D4-E6BB-4B2F-B37D-2A452D385478}
	EndProjectSection
EndProject
Project("{FAE04EC0-301F-11D3-BF4B-00C04F79EFBC}") = "CryptoCompare.Tests.Integration", "test\CryptoCompare.Tests.Integration\CryptoCompare.Tests.Integration.csproj", "{30CAA1A3-3982-4673-9559-B1ABCDC08B79}"
EndProject
Project("{FAE04EC0-301F-11D3-BF4B-00C04F79EFBC}") = "CryptoCompare.WebSocket.Tests.Integration", "test\CryptoCompare.WebSocket.Tests.Integration\CryptoCompare.WebSocket.Tests.Integration.csproj", "{EC0F41A3-E853-4F8A-94B7-34155CF9B77E}"
	ProjectSection(ProjectDependencies) = postProject
		{74DE4A18-AFE5-485F-A205-5C38CA3BD0BB} = {74DE4A18-AFE5-485F-A205-5C38CA3BD0BB}
	EndProjectSection
EndProject
Global
	GlobalSection(SolutionConfigurationPlatforms) = preSolution
		Debug|Any CPU = Debug|Any CPU
		Release|Any CPU = Release|Any CPU
	EndGlobalSection
	GlobalSection(ProjectConfigurationPlatforms) = postSolution
		{74DE4A18-AFE5-485F-A205-5C38CA3BD0BB}.Debug|Any CPU.ActiveCfg = Debug|Any CPU
		{74DE4A18-AFE5-485F-A205-5C38CA3BD0BB}.Debug|Any CPU.Build.0 = Debug|Any CPU
		{74DE4A18-AFE5-485F-A205-5C38CA3BD0BB}.Release|Any CPU.ActiveCfg = Release|Any CPU
		{74DE4A18-AFE5-485F-A205-5C38CA3BD0BB}.Release|Any CPU.Build.0 = Release|Any CPU
		{E352A047-C22D-4AB6-9737-47700656B4C4}.Debug|Any CPU.ActiveCfg = Debug|Any CPU
		{E352A047-C22D-4AB6-9737-47700656B4C4}.Debug|Any CPU.Build.0 = Debug|Any CPU
		{E352A047-C22D-4AB6-9737-47700656B4C4}.Release|Any CPU.ActiveCfg = Release|Any CPU
		{E352A047-C22D-4AB6-9737-47700656B4C4}.Release|Any CPU.Build.0 = Release|Any CPU
		{7AB690D4-E6BB-4B2F-B37D-2A452D385478}.Debug|Any CPU.ActiveCfg = Debug|Any CPU
		{7AB690D4-E6BB-4B2F-B37D-2A452D385478}.Debug|Any CPU.Build.0 = Debug|Any CPU
		{7AB690D4-E6BB-4B2F-B37D-2A452D385478}.Release|Any CPU.ActiveCfg = Release|Any CPU
		{7AB690D4-E6BB-4B2F-B37D-2A452D385478}.Release|Any CPU.Build.0 = Release|Any CPU
		{CD718BE1-87BE-4B78-B379-6F83640FF836}.Debug|Any CPU.ActiveCfg = Debug|Any CPU
		{CD718BE1-87BE-4B78-B379-6F83640FF836}.Debug|Any CPU.Build.0 = Debug|Any CPU
		{CD718BE1-87BE-4B78-B379-6F83640FF836}.Release|Any CPU.ActiveCfg = Release|Any CPU
		{CD718BE1-87BE-4B78-B379-6F83640FF836}.Release|Any CPU.Build.0 = Release|Any CPU
		{30CAA1A3-3982-4673-9559-B1ABCDC08B79}.Debug|Any CPU.ActiveCfg = Debug|Any CPU
		{30CAA1A3-3982-4673-9559-B1ABCDC08B79}.Debug|Any CPU.Build.0 = Debug|Any CPU
		{30CAA1A3-3982-4673-9559-B1ABCDC08B79}.Release|Any CPU.ActiveCfg = Release|Any CPU
		{30CAA1A3-3982-4673-9559-B1ABCDC08B79}.Release|Any CPU.Build.0 = Release|Any CPU
		{EC0F41A3-E853-4F8A-94B7-34155CF9B77E}.Debug|Any CPU.ActiveCfg = Debug|Any CPU
		{EC0F41A3-E853-4F8A-94B7-34155CF9B77E}.Debug|Any CPU.Build.0 = Debug|Any CPU
		{EC0F41A3-E853-4F8A-94B7-34155CF9B77E}.Release|Any CPU.ActiveCfg = Release|Any CPU
		{EC0F41A3-E853-4F8A-94B7-34155CF9B77E}.Release|Any CPU.Build.0 = Release|Any CPU
	EndGlobalSection
	GlobalSection(SolutionProperties) = preSolution
		HideSolutionNode = FALSE
	EndGlobalSection
	GlobalSection(NestedProjects) = preSolution
		{E352A047-C22D-4AB6-9737-47700656B4C4} = {CAAC477E-7487-42CB-9DEB-AE8860A3B03F}
		{CD718BE1-87BE-4B78-B379-6F83640FF836} = {CAAC477E-7487-42CB-9DEB-AE8860A3B03F}
		{30CAA1A3-3982-4673-9559-B1ABCDC08B79} = {CAAC477E-7487-42CB-9DEB-AE8860A3B03F}
		{EC0F41A3-E853-4F8A-94B7-34155CF9B77E} = {CAAC477E-7487-42CB-9DEB-AE8860A3B03F}
	EndGlobalSection
	GlobalSection(ExtensibilityGlobals) = postSolution
		SolutionGuid = {3F131DCD-33E4-47BA-8829-65E49F744112}
	EndGlobalSection
EndGlobal
